// !$*UTF8*$!
{
	archiveVersion = 1;
	classes = {
	};
	objectVersion = 46;
	objects = {

/* Begin PBXBuildFile section */
		D34332391E5B961B0057EB54 /* QuietModemKit.framework in Frameworks */ = {isa = PBXBuildFile; fileRef = D343322F1E5B961B0057EB54 /* QuietModemKit.framework */; };
		D343323E1E5B961B0057EB54 /* QuietModemKitTests.m in Sources */ = {isa = PBXBuildFile; fileRef = D343323D1E5B961B0057EB54 /* QuietModemKitTests.m */; };
		D34332401E5B961B0057EB54 /* QuietModemKit.h in Headers */ = {isa = PBXBuildFile; fileRef = D34332321E5B961B0057EB54 /* QuietModemKit.h */; settings = {ATTRIBUTES = (Public, ); }; };
		D354C5F6208311CF004E1E74 /* QMNetworkInterface.h in Headers */ = {isa = PBXBuildFile; fileRef = D354C5F5208311CF004E1E74 /* QMNetworkInterface.h */; settings = {ATTRIBUTES = (Public, ); }; };
		D354C5F8208322AC004E1E74 /* QMNetworkInterface.m in Sources */ = {isa = PBXBuildFile; fileRef = D354C5F7208322AC004E1E74 /* QMNetworkInterface.m */; };
		D354C5FA208325D0004E1E74 /* QMNetworkInterfaceConfig.h in Headers */ = {isa = PBXBuildFile; fileRef = D354C5F9208325D0004E1E74 /* QMNetworkInterfaceConfig.h */; settings = {ATTRIBUTES = (Public, ); }; };
		D354C5FC208325DD004E1E74 /* QMNetworkInterfaceConfig.m in Sources */ = {isa = PBXBuildFile; fileRef = D354C5FB208325DD004E1E74 /* QMNetworkInterfaceConfig.m */; };
		D354C64E208BDB0A004E1E74 /* QuietModemAudio.h in Headers */ = {isa = PBXBuildFile; fileRef = D354C64D208BDB0A004E1E74 /* QuietModemAudio.h */; };
		D354C651208BDB45004E1E74 /* LoopbackAudioOutput.h in Headers */ = {isa = PBXBuildFile; fileRef = D354C64F208BDB45004E1E74 /* LoopbackAudioOutput.h */; };
		D354C652208BDB45004E1E74 /* LoopbackAudioOutput.m in Sources */ = {isa = PBXBuildFile; fileRef = D354C650208BDB45004E1E74 /* LoopbackAudioOutput.m */; };
		D354C655208BDB53004E1E74 /* LoopbackAudioInput.h in Headers */ = {isa = PBXBuildFile; fileRef = D354C653208BDB53004E1E74 /* LoopbackAudioInput.h */; };
		D354C656208BDB53004E1E74 /* LoopbackAudioInput.m in Sources */ = {isa = PBXBuildFile; fileRef = D354C654208BDB53004E1E74 /* LoopbackAudioInput.m */; };
		D354C659208BDB69004E1E74 /* DeviceAudioInput.h in Headers */ = {isa = PBXBuildFile; fileRef = D354C657208BDB69004E1E74 /* DeviceAudioInput.h */; };
		D354C65A208BDB69004E1E74 /* DeviceAudioInput.m in Sources */ = {isa = PBXBuildFile; fileRef = D354C658208BDB69004E1E74 /* DeviceAudioInput.m */; };
		D354C65D208BDB7B004E1E74 /* DeviceAudioOutput.h in Headers */ = {isa = PBXBuildFile; fileRef = D354C65B208BDB7B004E1E74 /* DeviceAudioOutput.h */; };
		D354C661208BE02C004E1E74 /* LoopbackAudio.h in Headers */ = {isa = PBXBuildFile; fileRef = D354C65F208BE02C004E1E74 /* LoopbackAudio.h */; };
		D354C662208BE02C004E1E74 /* LoopbackAudio.m in Sources */ = {isa = PBXBuildFile; fileRef = D354C660208BE02C004E1E74 /* LoopbackAudio.m */; };
		D3832FEB208DBD77008A2E18 /* QuietTransmitter.h in Headers */ = {isa = PBXBuildFile; fileRef = D3832FE9208DBD77008A2E18 /* QuietTransmitter.h */; };
		D3832FEC208DBD77008A2E18 /* QuietTransmitter.m in Sources */ = {isa = PBXBuildFile; fileRef = D3832FEA208DBD77008A2E18 /* QuietTransmitter.m */; };
		D3832FF12093137A008A2E18 /* DeviceAudioOutput.m in Sources */ = {isa = PBXBuildFile; fileRef = D354C65C208BDB7B004E1E74 /* DeviceAudioOutput.m */; };
		D3832FF420931A06008A2E18 /* QuietReceiver.h in Headers */ = {isa = PBXBuildFile; fileRef = D3832FF220931A06008A2E18 /* QuietReceiver.h */; };
		D3832FF520931A06008A2E18 /* QuietReceiver.m in Sources */ = {isa = PBXBuildFile; fileRef = D3832FF320931A06008A2E18 /* QuietReceiver.m */; };
		D3832FF82096E530008A2E18 /* AVFoundation.framework in Frameworks */ = {isa = PBXBuildFile; fileRef = D3832FF72096E530008A2E18 /* AVFoundation.framework */; };
		D3832FFA2096EB5D008A2E18 /* QuietModemDeviceTests.m in Sources */ = {isa = PBXBuildFile; fileRef = D3832FF92096EB5D008A2E18 /* QuietModemDeviceTests.m */; };
		D3833009209709FB008A2E18 /* QuietLwipInterface.h in Headers */ = {isa = PBXBuildFile; fileRef = D3833007209709FB008A2E18 /* QuietLwipInterface.h */; };
		D383300A209709FB008A2E18 /* QuietLwipInterface.m in Sources */ = {isa = PBXBuildFile; fileRef = D3833008209709FB008A2E18 /* QuietLwipInterface.m */; };
		D383300C20970F7C008A2E18 /* QuietModemAudio.m in Sources */ = {isa = PBXBuildFile; fileRef = D383300B20970F7C008A2E18 /* QuietModemAudio.m */; };
		D383300F209856E4008A2E18 /* QMSocket.h in Headers */ = {isa = PBXBuildFile; fileRef = D383300D209856E4008A2E18 /* QMSocket.h */; settings = {ATTRIBUTES = (Public, ); }; };
		D3833010209856E4008A2E18 /* QMSocket.m in Sources */ = {isa = PBXBuildFile; fileRef = D383300E209856E4008A2E18 /* QMSocket.m */; };
		D383301320985DFE008A2E18 /* QMSocketAddress.h in Headers */ = {isa = PBXBuildFile; fileRef = D383301120985DFE008A2E18 /* QMSocketAddress.h */; settings = {ATTRIBUTES = (Public, ); }; };
		D383301420985DFE008A2E18 /* QMSocketAddress.m in Sources */ = {isa = PBXBuildFile; fileRef = D383301220985DFE008A2E18 /* QMSocketAddress.m */; };
		D38330A420A7F769008A2E18 /* QMUdpSocket.h in Headers */ = {isa = PBXBuildFile; fileRef = D38330A220A7F769008A2E18 /* QMUdpSocket.h */; settings = {ATTRIBUTES = (Public, ); }; };
		D38330A520A7F769008A2E18 /* QMUdpSocket.m in Sources */ = {isa = PBXBuildFile; fileRef = D38330A320A7F769008A2E18 /* QMUdpSocket.m */; };
		D38330A820A7F786008A2E18 /* QMTcpSocket.h in Headers */ = {isa = PBXBuildFile; fileRef = D38330A620A7F786008A2E18 /* QMTcpSocket.h */; settings = {ATTRIBUTES = (Public, ); }; };
		D38330A920A7F786008A2E18 /* QMTcpSocket.m in Sources */ = {isa = PBXBuildFile; fileRef = D38330A720A7F786008A2E18 /* QMTcpSocket.m */; };
		D39F69F21E6CA6D6004089BA /* QMTransmitterConfig.m in Sources */ = {isa = PBXBuildFile; fileRef = D39F69F11E6CA6D6004089BA /* QMTransmitterConfig.m */; };
		D39F69FF1E6CB55B004089BA /* apple.toolchain.cmake in Resources */ = {isa = PBXBuildFile; fileRef = D39F69FB1E6CB55B004089BA /* apple.toolchain.cmake */; };
		D39F6A001E6CB55B004089BA /* build-c-libraries.sh in Resources */ = {isa = PBXBuildFile; fileRef = D39F69FC1E6CB55B004089BA /* build-c-libraries.sh */; };
		D39F6A0F1E6CC7B2004089BA /* QMFrameTransmitter.m in Sources */ = {isa = PBXBuildFile; fileRef = D39F6A0E1E6CC7B2004089BA /* QMFrameTransmitter.m */; };
		D39F6A111E6CC81A004089BA /* QMReceiverConfig.m in Sources */ = {isa = PBXBuildFile; fileRef = D39F6A101E6CC81A004089BA /* QMReceiverConfig.m */; };
		D39F6A131E6CC826004089BA /* QMFrameReceiver.m in Sources */ = {isa = PBXBuildFile; fileRef = D39F6A121E6CC826004089BA /* QMFrameReceiver.m */; };
		D39F6A181E6CE824004089BA /* QMTransmitterConfig.h in Headers */ = {isa = PBXBuildFile; fileRef = D39F69ED1E6CA472004089BA /* QMTransmitterConfig.h */; settings = {ATTRIBUTES = (Public, ); }; };
		D39F6A191E6CE827004089BA /* QMFrameTransmitter.h in Headers */ = {isa = PBXBuildFile; fileRef = D39F69EE1E6CA4B8004089BA /* QMFrameTransmitter.h */; settings = {ATTRIBUTES = (Public, ); }; };
		D39F6A1A1E6CE82A004089BA /* QMReceiverConfig.h in Headers */ = {isa = PBXBuildFile; fileRef = D39F69EF1E6CA4C6004089BA /* QMReceiverConfig.h */; settings = {ATTRIBUTES = (Public, ); }; };
		D39F6A1B1E6CE82C004089BA /* QMFrameReceiver.h in Headers */ = {isa = PBXBuildFile; fileRef = D39F69F01E6CA4D0004089BA /* QMFrameReceiver.h */; settings = {ATTRIBUTES = (Public, ); }; };
		D39F6A1F1E6D0580004089BA /* quiet-profiles.json in Resources */ = {isa = PBXBuildFile; fileRef = D39F6A1E1E6D0580004089BA /* quiet-profiles.json */; };
/* End PBXBuildFile section */

/* Begin PBXContainerItemProxy section */
		D343323A1E5B961B0057EB54 /* PBXContainerItemProxy */ = {
			isa = PBXContainerItemProxy;
			containerPortal = D34332261E5B961B0057EB54 /* Project object */;
			proxyType = 1;
			remoteGlobalIDString = D343322E1E5B961B0057EB54;
			remoteInfo = QuietModemKit;
		};
/* End PBXContainerItemProxy section */

/* Begin PBXFileReference section */
		D343322F1E5B961B0057EB54 /* QuietModemKit.framework */ = {isa = PBXFileReference; explicitFileType = wrapper.framework; includeInIndex = 0; path = QuietModemKit.framework; sourceTree = BUILT_PRODUCTS_DIR; };
		D34332321E5B961B0057EB54 /* QuietModemKit.h */ = {isa = PBXFileReference; lastKnownFileType = sourcecode.c.h; path = QuietModemKit.h; sourceTree = "<group>"; };
		D34332331E5B961B0057EB54 /* Info.plist */ = {isa = PBXFileReference; lastKnownFileType = text.plist.xml; path = Info.plist; sourceTree = "<group>"; };
		D34332381E5B961B0057EB54 /* QuietModemKitTests.xctest */ = {isa = PBXFileReference; explicitFileType = wrapper.cfbundle; includeInIndex = 0; path = QuietModemKitTests.xctest; sourceTree = BUILT_PRODUCTS_DIR; };
		D343323D1E5B961B0057EB54 /* QuietModemKitTests.m */ = {isa = PBXFileReference; lastKnownFileType = sourcecode.c.objc; path = QuietModemKitTests.m; sourceTree = "<group>"; };
		D343323F1E5B961B0057EB54 /* Info.plist */ = {isa = PBXFileReference; lastKnownFileType = text.plist.xml; path = Info.plist; sourceTree = "<group>"; };
		D354C5F5208311CF004E1E74 /* QMNetworkInterface.h */ = {isa = PBXFileReference; fileEncoding = 4; lastKnownFileType = sourcecode.c.h; path = QMNetworkInterface.h; sourceTree = "<group>"; };
		D354C5F7208322AC004E1E74 /* QMNetworkInterface.m */ = {isa = PBXFileReference; fileEncoding = 4; lastKnownFileType = sourcecode.c.objc; path = QMNetworkInterface.m; sourceTree = "<group>"; };
		D354C5F9208325D0004E1E74 /* QMNetworkInterfaceConfig.h */ = {isa = PBXFileReference; fileEncoding = 4; lastKnownFileType = sourcecode.c.h; path = QMNetworkInterfaceConfig.h; sourceTree = "<group>"; };
		D354C5FB208325DD004E1E74 /* QMNetworkInterfaceConfig.m */ = {isa = PBXFileReference; fileEncoding = 4; lastKnownFileType = sourcecode.c.objc; path = QMNetworkInterfaceConfig.m; sourceTree = "<group>"; };
		D354C64D208BDB0A004E1E74 /* QuietModemAudio.h */ = {isa = PBXFileReference; fileEncoding = 4; lastKnownFileType = sourcecode.c.h; path = QuietModemAudio.h; sourceTree = "<group>"; };
		D354C64F208BDB45004E1E74 /* LoopbackAudioOutput.h */ = {isa = PBXFileReference; fileEncoding = 4; lastKnownFileType = sourcecode.c.h; path = LoopbackAudioOutput.h; sourceTree = "<group>"; };
		D354C650208BDB45004E1E74 /* LoopbackAudioOutput.m */ = {isa = PBXFileReference; fileEncoding = 4; lastKnownFileType = sourcecode.c.objc; path = LoopbackAudioOutput.m; sourceTree = "<group>"; };
		D354C653208BDB53004E1E74 /* LoopbackAudioInput.h */ = {isa = PBXFileReference; fileEncoding = 4; lastKnownFileType = sourcecode.c.h; path = LoopbackAudioInput.h; sourceTree = "<group>"; };
		D354C654208BDB53004E1E74 /* LoopbackAudioInput.m */ = {isa = PBXFileReference; fileEncoding = 4; lastKnownFileType = sourcecode.c.objc; path = LoopbackAudioInput.m; sourceTree = "<group>"; };
		D354C657208BDB69004E1E74 /* DeviceAudioInput.h */ = {isa = PBXFileReference; fileEncoding = 4; lastKnownFileType = sourcecode.c.h; path = DeviceAudioInput.h; sourceTree = "<group>"; };
		D354C658208BDB69004E1E74 /* DeviceAudioInput.m */ = {isa = PBXFileReference; fileEncoding = 4; lastKnownFileType = sourcecode.c.objc; path = DeviceAudioInput.m; sourceTree = "<group>"; };
		D354C65B208BDB7B004E1E74 /* DeviceAudioOutput.h */ = {isa = PBXFileReference; fileEncoding = 4; lastKnownFileType = sourcecode.c.h; path = DeviceAudioOutput.h; sourceTree = "<group>"; };
		D354C65C208BDB7B004E1E74 /* DeviceAudioOutput.m */ = {isa = PBXFileReference; fileEncoding = 4; lastKnownFileType = sourcecode.c.objc; path = DeviceAudioOutput.m; sourceTree = "<group>"; };
		D354C65F208BE02C004E1E74 /* LoopbackAudio.h */ = {isa = PBXFileReference; fileEncoding = 4; lastKnownFileType = sourcecode.c.h; path = LoopbackAudio.h; sourceTree = "<group>"; };
		D354C660208BE02C004E1E74 /* LoopbackAudio.m */ = {isa = PBXFileReference; fileEncoding = 4; lastKnownFileType = sourcecode.c.objc; path = LoopbackAudio.m; sourceTree = "<group>"; };
		D3832FE9208DBD77008A2E18 /* QuietTransmitter.h */ = {isa = PBXFileReference; fileEncoding = 4; lastKnownFileType = sourcecode.c.h; path = QuietTransmitter.h; sourceTree = "<group>"; };
		D3832FEA208DBD77008A2E18 /* QuietTransmitter.m */ = {isa = PBXFileReference; fileEncoding = 4; lastKnownFileType = sourcecode.c.objc; path = QuietTransmitter.m; sourceTree = "<group>"; };
		D3832FF220931A06008A2E18 /* QuietReceiver.h */ = {isa = PBXFileReference; fileEncoding = 4; lastKnownFileType = sourcecode.c.h; path = QuietReceiver.h; sourceTree = "<group>"; };
		D3832FF320931A06008A2E18 /* QuietReceiver.m */ = {isa = PBXFileReference; fileEncoding = 4; lastKnownFileType = sourcecode.c.objc; path = QuietReceiver.m; sourceTree = "<group>"; };
		D3832FF72096E530008A2E18 /* AVFoundation.framework */ = {isa = PBXFileReference; lastKnownFileType = wrapper.framework; name = AVFoundation.framework; path = System/Library/Frameworks/AVFoundation.framework; sourceTree = SDKROOT; };
		D3832FF92096EB5D008A2E18 /* QuietModemDeviceTests.m */ = {isa = PBXFileReference; fileEncoding = 4; lastKnownFileType = sourcecode.c.objc; path = QuietModemDeviceTests.m; sourceTree = "<group>"; };
		D3833007209709FB008A2E18 /* QuietLwipInterface.h */ = {isa = PBXFileReference; fileEncoding = 4; lastKnownFileType = sourcecode.c.h; path = QuietLwipInterface.h; sourceTree = "<group>"; };
		D3833008209709FB008A2E18 /* QuietLwipInterface.m */ = {isa = PBXFileReference; fileEncoding = 4; lastKnownFileType = sourcecode.c.objc; path = QuietLwipInterface.m; sourceTree = "<group>"; };
		D383300B20970F7C008A2E18 /* QuietModemAudio.m */ = {isa = PBXFileReference; fileEncoding = 4; lastKnownFileType = sourcecode.c.objc; path = QuietModemAudio.m; sourceTree = "<group>"; };
		D383300D209856E4008A2E18 /* QMSocket.h */ = {isa = PBXFileReference; fileEncoding = 4; lastKnownFileType = sourcecode.c.h; path = QMSocket.h; sourceTree = "<group>"; };
		D383300E209856E4008A2E18 /* QMSocket.m */ = {isa = PBXFileReference; fileEncoding = 4; lastKnownFileType = sourcecode.c.objc; path = QMSocket.m; sourceTree = "<group>"; };
		D383301120985DFE008A2E18 /* QMSocketAddress.h */ = {isa = PBXFileReference; fileEncoding = 4; lastKnownFileType = sourcecode.c.h; path = QMSocketAddress.h; sourceTree = "<group>"; };
		D383301220985DFE008A2E18 /* QMSocketAddress.m */ = {isa = PBXFileReference; fileEncoding = 4; lastKnownFileType = sourcecode.c.objc; path = QMSocketAddress.m; sourceTree = "<group>"; };
		D38330A220A7F769008A2E18 /* QMUdpSocket.h */ = {isa = PBXFileReference; fileEncoding = 4; lastKnownFileType = sourcecode.c.h; path = QMUdpSocket.h; sourceTree = "<group>"; };
		D38330A320A7F769008A2E18 /* QMUdpSocket.m */ = {isa = PBXFileReference; fileEncoding = 4; lastKnownFileType = sourcecode.c.objc; path = QMUdpSocket.m; sourceTree = "<group>"; };
		D38330A620A7F786008A2E18 /* QMTcpSocket.h */ = {isa = PBXFileReference; fileEncoding = 4; lastKnownFileType = sourcecode.c.h; path = QMTcpSocket.h; sourceTree = "<group>"; };
		D38330A720A7F786008A2E18 /* QMTcpSocket.m */ = {isa = PBXFileReference; fileEncoding = 4; lastKnownFileType = sourcecode.c.objc; path = QMTcpSocket.m; sourceTree = "<group>"; };
		D39F69ED1E6CA472004089BA /* QMTransmitterConfig.h */ = {isa = PBXFileReference; lastKnownFileType = sourcecode.c.h; path = QMTransmitterConfig.h; sourceTree = "<group>"; };
		D39F69EE1E6CA4B8004089BA /* QMFrameTransmitter.h */ = {isa = PBXFileReference; lastKnownFileType = sourcecode.c.h; path = QMFrameTransmitter.h; sourceTree = "<group>"; };
		D39F69EF1E6CA4C6004089BA /* QMReceiverConfig.h */ = {isa = PBXFileReference; lastKnownFileType = sourcecode.c.h; path = QMReceiverConfig.h; sourceTree = "<group>"; };
		D39F69F01E6CA4D0004089BA /* QMFrameReceiver.h */ = {isa = PBXFileReference; lastKnownFileType = sourcecode.c.h; path = QMFrameReceiver.h; sourceTree = "<group>"; };
		D39F69F11E6CA6D6004089BA /* QMTransmitterConfig.m */ = {isa = PBXFileReference; fileEncoding = 4; lastKnownFileType = sourcecode.c.objc; path = QMTransmitterConfig.m; sourceTree = "<group>"; };
		D39F69FB1E6CB55B004089BA /* apple.toolchain.cmake */ = {isa = PBXFileReference; fileEncoding = 4; lastKnownFileType = text; path = apple.toolchain.cmake; sourceTree = "<group>"; };
		D39F69FC1E6CB55B004089BA /* build-c-libraries.sh */ = {isa = PBXFileReference; fileEncoding = 4; lastKnownFileType = text.script.sh; path = "build-c-libraries.sh"; sourceTree = "<group>"; };
		D39F6A0E1E6CC7B2004089BA /* QMFrameTransmitter.m */ = {isa = PBXFileReference; fileEncoding = 4; lastKnownFileType = sourcecode.c.objc; path = QMFrameTransmitter.m; sourceTree = "<group>"; };
		D39F6A101E6CC81A004089BA /* QMReceiverConfig.m */ = {isa = PBXFileReference; fileEncoding = 4; lastKnownFileType = sourcecode.c.objc; path = QMReceiverConfig.m; sourceTree = "<group>"; };
		D39F6A121E6CC826004089BA /* QMFrameReceiver.m */ = {isa = PBXFileReference; fileEncoding = 4; lastKnownFileType = sourcecode.c.objc; path = QMFrameReceiver.m; sourceTree = "<group>"; };
		D39F6A1D1E6CFD88004089BA /* QuietModemKitPrivate.h */ = {isa = PBXFileReference; lastKnownFileType = sourcecode.c.h; path = QuietModemKitPrivate.h; sourceTree = "<group>"; };
		D39F6A1E1E6D0580004089BA /* quiet-profiles.json */ = {isa = PBXFileReference; fileEncoding = 4; lastKnownFileType = text.json; path = "quiet-profiles.json"; sourceTree = SOURCE_ROOT; };
/* End PBXFileReference section */

/* Begin PBXFrameworksBuildPhase section */
		D343322B1E5B961B0057EB54 /* Frameworks */ = {
			isa = PBXFrameworksBuildPhase;
			buildActionMask = 2147483647;
			files = (
				D3832FF82096E530008A2E18 /* AVFoundation.framework in Frameworks */,
			);
			runOnlyForDeploymentPostprocessing = 0;
		};
		D34332351E5B961B0057EB54 /* Frameworks */ = {
			isa = PBXFrameworksBuildPhase;
			buildActionMask = 2147483647;
			files = (
				D34332391E5B961B0057EB54 /* QuietModemKit.framework in Frameworks */,
			);
			runOnlyForDeploymentPostprocessing = 0;
		};
/* End PBXFrameworksBuildPhase section */

/* Begin PBXGroup section */
		D34332251E5B961B0057EB54 = {
			isa = PBXGroup;
			children = (
				D39F6A1E1E6D0580004089BA /* quiet-profiles.json */,
				D39F69F81E6CB55B004089BA /* Build-Phases */,
				D39F69F71E6CB545004089BA /* lib */,
				D34332311E5B961B0057EB54 /* QuietModemKit */,
				D343323C1E5B961B0057EB54 /* QuietModemKitTests */,
				D34332301E5B961B0057EB54 /* Products */,
				D343324C1E5B96B60057EB54 /* Config */,
				D3832FF62096E530008A2E18 /* Frameworks */,
			);
			sourceTree = "<group>";
		};
		D34332301E5B961B0057EB54 /* Products */ = {
			isa = PBXGroup;
			children = (
				D343322F1E5B961B0057EB54 /* QuietModemKit.framework */,
				D34332381E5B961B0057EB54 /* QuietModemKitTests.xctest */,
			);
			name = Products;
			sourceTree = "<group>";
		};
		D34332311E5B961B0057EB54 /* QuietModemKit */ = {
			isa = PBXGroup;
			children = (
				D34332321E5B961B0057EB54 /* QuietModemKit.h */,
				D34332331E5B961B0057EB54 /* Info.plist */,
				D39F6A1D1E6CFD88004089BA /* QuietModemKitPrivate.h */,
				D39F69ED1E6CA472004089BA /* QMTransmitterConfig.h */,
				D39F69F11E6CA6D6004089BA /* QMTransmitterConfig.m */,
				D39F69EE1E6CA4B8004089BA /* QMFrameTransmitter.h */,
				D39F6A0E1E6CC7B2004089BA /* QMFrameTransmitter.m */,
				D39F69EF1E6CA4C6004089BA /* QMReceiverConfig.h */,
				D39F6A101E6CC81A004089BA /* QMReceiverConfig.m */,
				D39F69F01E6CA4D0004089BA /* QMFrameReceiver.h */,
				D39F6A121E6CC826004089BA /* QMFrameReceiver.m */,
				D354C5F5208311CF004E1E74 /* QMNetworkInterface.h */,
				D354C5F7208322AC004E1E74 /* QMNetworkInterface.m */,
				D354C5F9208325D0004E1E74 /* QMNetworkInterfaceConfig.h */,
				D354C5FB208325DD004E1E74 /* QMNetworkInterfaceConfig.m */,
				D383300D209856E4008A2E18 /* QMSocket.h */,
				D383300E209856E4008A2E18 /* QMSocket.m */,
				D38330A620A7F786008A2E18 /* QMTcpSocket.h */,
				D38330A720A7F786008A2E18 /* QMTcpSocket.m */,
				D38330A220A7F769008A2E18 /* QMUdpSocket.h */,
				D38330A320A7F769008A2E18 /* QMUdpSocket.m */,
				D383301120985DFE008A2E18 /* QMSocketAddress.h */,
				D383301220985DFE008A2E18 /* QMSocketAddress.m */,
				D354C64D208BDB0A004E1E74 /* QuietModemAudio.h */,
				D383300B20970F7C008A2E18 /* QuietModemAudio.m */,
				D354C64F208BDB45004E1E74 /* LoopbackAudioOutput.h */,
				D354C650208BDB45004E1E74 /* LoopbackAudioOutput.m */,
				D354C653208BDB53004E1E74 /* LoopbackAudioInput.h */,
				D354C654208BDB53004E1E74 /* LoopbackAudioInput.m */,
				D354C65F208BE02C004E1E74 /* LoopbackAudio.h */,
				D354C660208BE02C004E1E74 /* LoopbackAudio.m */,
				D354C65B208BDB7B004E1E74 /* DeviceAudioOutput.h */,
				D354C65C208BDB7B004E1E74 /* DeviceAudioOutput.m */,
				D354C657208BDB69004E1E74 /* DeviceAudioInput.h */,
				D354C658208BDB69004E1E74 /* DeviceAudioInput.m */,
				D3832FE9208DBD77008A2E18 /* QuietTransmitter.h */,
				D3832FEA208DBD77008A2E18 /* QuietTransmitter.m */,
				D3832FF220931A06008A2E18 /* QuietReceiver.h */,
				D3832FF320931A06008A2E18 /* QuietReceiver.m */,
				D3833007209709FB008A2E18 /* QuietLwipInterface.h */,
				D3833008209709FB008A2E18 /* QuietLwipInterface.m */,
			);
			path = QuietModemKit;
			sourceTree = "<group>";
		};
		D343323C1E5B961B0057EB54 /* QuietModemKitTests */ = {
			isa = PBXGroup;
			children = (
				D3832FF92096EB5D008A2E18 /* QuietModemDeviceTests.m */,
				D343323D1E5B961B0057EB54 /* QuietModemKitTests.m */,
				D343323F1E5B961B0057EB54 /* Info.plist */,
			);
			path = QuietModemKitTests;
			sourceTree = "<group>";
		};
		D343324C1E5B96B60057EB54 /* Config */ = {
			isa = PBXGroup;
			children = (
			);
			path = Config;
			sourceTree = "<group>";
		};
		D3832FF62096E530008A2E18 /* Frameworks */ = {
			isa = PBXGroup;
			children = (
				D3832FF72096E530008A2E18 /* AVFoundation.framework */,
			);
			name = Frameworks;
			sourceTree = "<group>";
		};
		D39F69F71E6CB545004089BA /* lib */ = {
			isa = PBXGroup;
			children = (
			);
			path = lib;
			sourceTree = "<group>";
		};
		D39F69F81E6CB55B004089BA /* Build-Phases */ = {
			isa = PBXGroup;
			children = (
				D39F69FB1E6CB55B004089BA /* apple.toolchain.cmake */,
				D39F69FC1E6CB55B004089BA /* build-c-libraries.sh */,
			);
			path = "Build-Phases";
			sourceTree = "<group>";
		};
/* End PBXGroup section */

/* Begin PBXHeadersBuildPhase section */
		D343322C1E5B961B0057EB54 /* Headers */ = {
			isa = PBXHeadersBuildPhase;
			buildActionMask = 2147483647;
			files = (
				D354C661208BE02C004E1E74 /* LoopbackAudio.h in Headers */,
				D354C5FA208325D0004E1E74 /* QMNetworkInterfaceConfig.h in Headers */,
				D354C655208BDB53004E1E74 /* LoopbackAudioInput.h in Headers */,
				D34332401E5B961B0057EB54 /* QuietModemKit.h in Headers */,
				D354C5F6208311CF004E1E74 /* QMNetworkInterface.h in Headers */,
				D354C651208BDB45004E1E74 /* LoopbackAudioOutput.h in Headers */,
				D354C65D208BDB7B004E1E74 /* DeviceAudioOutput.h in Headers */,
				D3832FEB208DBD77008A2E18 /* QuietTransmitter.h in Headers */,
				D383300F209856E4008A2E18 /* QMSocket.h in Headers */,
				D39F6A181E6CE824004089BA /* QMTransmitterConfig.h in Headers */,
				D3832FF420931A06008A2E18 /* QuietReceiver.h in Headers */,
				D383301320985DFE008A2E18 /* QMSocketAddress.h in Headers */,
				D39F6A191E6CE827004089BA /* QMFrameTransmitter.h in Headers */,
				D354C659208BDB69004E1E74 /* DeviceAudioInput.h in Headers */,
				D38330A820A7F786008A2E18 /* QMTcpSocket.h in Headers */,
				D3833009209709FB008A2E18 /* QuietLwipInterface.h in Headers */,
				D354C64E208BDB0A004E1E74 /* QuietModemAudio.h in Headers */,
				D39F6A1A1E6CE82A004089BA /* QMReceiverConfig.h in Headers */,
				D39F6A1B1E6CE82C004089BA /* QMFrameReceiver.h in Headers */,
				D38330A420A7F769008A2E18 /* QMUdpSocket.h in Headers */,
			);
			runOnlyForDeploymentPostprocessing = 0;
		};
/* End PBXHeadersBuildPhase section */

/* Begin PBXNativeTarget section */
		D343322E1E5B961B0057EB54 /* QuietModemKit */ = {
			isa = PBXNativeTarget;
			buildConfigurationList = D34332431E5B961B0057EB54 /* Build configuration list for PBXNativeTarget "QuietModemKit" */;
			buildPhases = (
				D343324D1E5BBF0C0057EB54 /* ShellScript */,
				D343322A1E5B961B0057EB54 /* Sources */,
				D343322B1E5B961B0057EB54 /* Frameworks */,
				D343322C1E5B961B0057EB54 /* Headers */,
				D343322D1E5B961B0057EB54 /* Resources */,
			);
			buildRules = (
			);
			dependencies = (
			);
			name = QuietModemKit;
			productName = QuietModemKit;
			productReference = D343322F1E5B961B0057EB54 /* QuietModemKit.framework */;
			productType = "com.apple.product-type.framework";
		};
		D34332371E5B961B0057EB54 /* QuietModemKitTests */ = {
			isa = PBXNativeTarget;
			buildConfigurationList = D34332461E5B961B0057EB54 /* Build configuration list for PBXNativeTarget "QuietModemKitTests" */;
			buildPhases = (
				D34332341E5B961B0057EB54 /* Sources */,
				D34332351E5B961B0057EB54 /* Frameworks */,
				D34332361E5B961B0057EB54 /* Resources */,
			);
			buildRules = (
			);
			dependencies = (
				D343323B1E5B961B0057EB54 /* PBXTargetDependency */,
			);
			name = QuietModemKitTests;
			productName = QuietModemKitTests;
			productReference = D34332381E5B961B0057EB54 /* QuietModemKitTests.xctest */;
			productType = "com.apple.product-type.bundle.unit-test";
		};
/* End PBXNativeTarget section */

/* Begin PBXProject section */
		D34332261E5B961B0057EB54 /* Project object */ = {
			isa = PBXProject;
			attributes = {
				LastUpgradeCheck = 0820;
				ORGANIZATIONNAME = "Quiet Modem Project";
				TargetAttributes = {
					D343322E1E5B961B0057EB54 = {
						CreatedOnToolsVersion = 8.2.1;
						ProvisioningStyle = Automatic;
					};
					D34332371E5B961B0057EB54 = {
						CreatedOnToolsVersion = 8.2.1;
						ProvisioningStyle = Automatic;
					};
				};
			};
			buildConfigurationList = D34332291E5B961B0057EB54 /* Build configuration list for PBXProject "QuietModemKit" */;
			compatibilityVersion = "Xcode 3.2";
			developmentRegion = English;
			hasScannedForEncodings = 0;
			knownRegions = (
				en,
			);
			mainGroup = D34332251E5B961B0057EB54;
			productRefGroup = D34332301E5B961B0057EB54 /* Products */;
			projectDirPath = "";
			projectRoot = "";
			targets = (
				D343322E1E5B961B0057EB54 /* QuietModemKit */,
				D34332371E5B961B0057EB54 /* QuietModemKitTests */,
			);
		};
/* End PBXProject section */

/* Begin PBXResourcesBuildPhase section */
		D343322D1E5B961B0057EB54 /* Resources */ = {
			isa = PBXResourcesBuildPhase;
			buildActionMask = 2147483647;
			files = (
				D39F6A1F1E6D0580004089BA /* quiet-profiles.json in Resources */,
				D39F69FF1E6CB55B004089BA /* apple.toolchain.cmake in Resources */,
				D39F6A001E6CB55B004089BA /* build-c-libraries.sh in Resources */,
			);
			runOnlyForDeploymentPostprocessing = 0;
		};
		D34332361E5B961B0057EB54 /* Resources */ = {
			isa = PBXResourcesBuildPhase;
			buildActionMask = 2147483647;
			files = (
			);
			runOnlyForDeploymentPostprocessing = 0;
		};
/* End PBXResourcesBuildPhase section */

/* Begin PBXShellScriptBuildPhase section */
		D343324D1E5BBF0C0057EB54 /* ShellScript */ = {
			isa = PBXShellScriptBuildPhase;
			buildActionMask = 2147483647;
			files = (
			);
			inputPaths = (
				"$(SRCROOT)/libcorrect/",
				"$(SRCROOT)/jansson/",
				"$(SRCROOT)/liquid-dsp/",
				"$(SRCROOT)/quiet/",
				"$(SRCROOT)/Build-Phases/",
				"$(SRCROOT)/quiet-lwip/",
			);
			outputPaths = (
				"$(SRCROOT)/include/",
				"$(SRCROOT)/lib/",
			);
			runOnlyForDeploymentPostprocessing = 0;
			shellPath = /bin/sh;
			shellScript = "${SRCROOT}/Build-Phases/build-c-libraries.sh";
		};
/* End PBXShellScriptBuildPhase section */

/* Begin PBXSourcesBuildPhase section */
		D343322A1E5B961B0057EB54 /* Sources */ = {
			isa = PBXSourcesBuildPhase;
			buildActionMask = 2147483647;
			files = (
				D354C5FC208325DD004E1E74 /* QMNetworkInterfaceConfig.m in Sources */,
				D3832FEC208DBD77008A2E18 /* QuietTransmitter.m in Sources */,
				D354C652208BDB45004E1E74 /* LoopbackAudioOutput.m in Sources */,
				D3833010209856E4008A2E18 /* QMSocket.m in Sources */,
				D383300C20970F7C008A2E18 /* QuietModemAudio.m in Sources */,
				D383300A209709FB008A2E18 /* QuietLwipInterface.m in Sources */,
				D39F69F21E6CA6D6004089BA /* QMTransmitterConfig.m in Sources */,
				D39F6A111E6CC81A004089BA /* QMReceiverConfig.m in Sources */,
				D354C662208BE02C004E1E74 /* LoopbackAudio.m in Sources */,
				D39F6A131E6CC826004089BA /* QMFrameReceiver.m in Sources */,
				D38330A920A7F786008A2E18 /* QMTcpSocket.m in Sources */,
				D38330A520A7F769008A2E18 /* QMUdpSocket.m in Sources */,
				D354C65A208BDB69004E1E74 /* DeviceAudioInput.m in Sources */,
				D354C656208BDB53004E1E74 /* LoopbackAudioInput.m in Sources */,
				D3832FF520931A06008A2E18 /* QuietReceiver.m in Sources */,
				D39F6A0F1E6CC7B2004089BA /* QMFrameTransmitter.m in Sources */,
				D3832FF12093137A008A2E18 /* DeviceAudioOutput.m in Sources */,
				D383301420985DFE008A2E18 /* QMSocketAddress.m in Sources */,
				D354C5F8208322AC004E1E74 /* QMNetworkInterface.m in Sources */,
			);
			runOnlyForDeploymentPostprocessing = 0;
		};
		D34332341E5B961B0057EB54 /* Sources */ = {
			isa = PBXSourcesBuildPhase;
			buildActionMask = 2147483647;
			files = (
				D343323E1E5B961B0057EB54 /* QuietModemKitTests.m in Sources */,
				D3832FFA2096EB5D008A2E18 /* QuietModemDeviceTests.m in Sources */,
			);
			runOnlyForDeploymentPostprocessing = 0;
		};
/* End PBXSourcesBuildPhase section */

/* Begin PBXTargetDependency section */
		D343323B1E5B961B0057EB54 /* PBXTargetDependency */ = {
			isa = PBXTargetDependency;
			target = D343322E1E5B961B0057EB54 /* QuietModemKit */;
			targetProxy = D343323A1E5B961B0057EB54 /* PBXContainerItemProxy */;
		};
/* End PBXTargetDependency section */

/* Begin XCBuildConfiguration section */
		D34332411E5B961B0057EB54 /* Debug */ = {
			isa = XCBuildConfiguration;
			buildSettings = {
				ALWAYS_SEARCH_USER_PATHS = NO;
				CLANG_ANALYZER_NONNULL = YES;
				CLANG_CXX_LANGUAGE_STANDARD = "gnu++0x";
				CLANG_CXX_LIBRARY = "libc++";
				CLANG_ENABLE_MODULES = YES;
				CLANG_ENABLE_OBJC_ARC = YES;
				CLANG_WARN_BOOL_CONVERSION = YES;
				CLANG_WARN_CONSTANT_CONVERSION = YES;
				CLANG_WARN_DIRECT_OBJC_ISA_USAGE = YES_ERROR;
				CLANG_WARN_DOCUMENTATION_COMMENTS = YES;
				CLANG_WARN_EMPTY_BODY = YES;
				CLANG_WARN_ENUM_CONVERSION = YES;
				CLANG_WARN_INFINITE_RECURSION = YES;
				CLANG_WARN_INT_CONVERSION = YES;
				CLANG_WARN_OBJC_ROOT_CLASS = YES_ERROR;
				CLANG_WARN_SUSPICIOUS_MOVE = YES;
				CLANG_WARN_UNREACHABLE_CODE = YES;
				CLANG_WARN__DUPLICATE_METHOD_MATCH = YES;
				"CODE_SIGN_IDENTITY[sdk=iphoneos*]" = "iPhone Developer";
				COPY_PHASE_STRIP = NO;
				CURRENT_PROJECT_VERSION = 1;
				DEBUG_INFORMATION_FORMAT = dwarf;
				ENABLE_STRICT_OBJC_MSGSEND = YES;
				ENABLE_TESTABILITY = YES;
				GCC_C_LANGUAGE_STANDARD = gnu99;
				GCC_DYNAMIC_NO_PIC = NO;
				GCC_NO_COMMON_BLOCKS = YES;
				GCC_OPTIMIZATION_LEVEL = 0;
				GCC_PREPROCESSOR_DEFINITIONS = (
					"DEBUG=1",
					"$(inherited)",
				);
				GCC_WARN_64_TO_32_BIT_CONVERSION = YES;
				GCC_WARN_ABOUT_RETURN_TYPE = YES_ERROR;
				GCC_WARN_UNDECLARED_SELECTOR = YES;
				GCC_WARN_UNINITIALIZED_AUTOS = YES_AGGRESSIVE;
				GCC_WARN_UNUSED_FUNCTION = YES;
				GCC_WARN_UNUSED_VARIABLE = YES;
				IPHONEOS_DEPLOYMENT_TARGET = 8.0;
				MTL_ENABLE_DEBUG_INFO = YES;
				ONLY_ACTIVE_ARCH = YES;
				SDKROOT = iphoneos;
				TARGETED_DEVICE_FAMILY = "1,2";
				VERSIONING_SYSTEM = "apple-generic";
				VERSION_INFO_PREFIX = "";
			};
			name = Debug;
		};
		D34332421E5B961B0057EB54 /* Release */ = {
			isa = XCBuildConfiguration;
			buildSettings = {
				ALWAYS_SEARCH_USER_PATHS = NO;
				CLANG_ANALYZER_NONNULL = YES;
				CLANG_CXX_LANGUAGE_STANDARD = "gnu++0x";
				CLANG_CXX_LIBRARY = "libc++";
				CLANG_ENABLE_MODULES = YES;
				CLANG_ENABLE_OBJC_ARC = YES;
				CLANG_WARN_BOOL_CONVERSION = YES;
				CLANG_WARN_CONSTANT_CONVERSION = YES;
				CLANG_WARN_DIRECT_OBJC_ISA_USAGE = YES_ERROR;
				CLANG_WARN_DOCUMENTATION_COMMENTS = YES;
				CLANG_WARN_EMPTY_BODY = YES;
				CLANG_WARN_ENUM_CONVERSION = YES;
				CLANG_WARN_INFINITE_RECURSION = YES;
				CLANG_WARN_INT_CONVERSION = YES;
				CLANG_WARN_OBJC_ROOT_CLASS = YES_ERROR;
				CLANG_WARN_SUSPICIOUS_MOVE = YES;
				CLANG_WARN_UNREACHABLE_CODE = YES;
				CLANG_WARN__DUPLICATE_METHOD_MATCH = YES;
				"CODE_SIGN_IDENTITY[sdk=iphoneos*]" = "iPhone Developer";
				COPY_PHASE_STRIP = NO;
				CURRENT_PROJECT_VERSION = 1;
				DEBUG_INFORMATION_FORMAT = "dwarf-with-dsym";
				ENABLE_NS_ASSERTIONS = NO;
				ENABLE_STRICT_OBJC_MSGSEND = YES;
				GCC_C_LANGUAGE_STANDARD = gnu99;
				GCC_NO_COMMON_BLOCKS = YES;
				GCC_WARN_64_TO_32_BIT_CONVERSION = YES;
				GCC_WARN_ABOUT_RETURN_TYPE = YES_ERROR;
				GCC_WARN_UNDECLARED_SELECTOR = YES;
				GCC_WARN_UNINITIALIZED_AUTOS = YES_AGGRESSIVE;
				GCC_WARN_UNUSED_FUNCTION = YES;
				GCC_WARN_UNUSED_VARIABLE = YES;
				IPHONEOS_DEPLOYMENT_TARGET = 8.0;
				MTL_ENABLE_DEBUG_INFO = NO;
				SDKROOT = iphoneos;
				TARGETED_DEVICE_FAMILY = "1,2";
				VALIDATE_PRODUCT = YES;
				VERSIONING_SYSTEM = "apple-generic";
				VERSION_INFO_PREFIX = "";
			};
			name = Release;
		};
		D34332441E5B961B0057EB54 /* Debug */ = {
			isa = XCBuildConfiguration;
			buildSettings = {
				CODE_SIGN_IDENTITY = "";
				DEFINES_MODULE = YES;
				DYLIB_COMPATIBILITY_VERSION = 1;
				DYLIB_CURRENT_VERSION = 1;
				DYLIB_INSTALL_NAME_BASE = "@rpath";
				"HEADER_SEARCH_PATHS[sdk=*]" = (
					"$SRCROOT/include/$CONFIGURATION-$PLATFORM_NAME",
					"$SRCROOT/include/$CONFIGURATION-$PLATFORM_NAME/quiet-lwip/lwip",
					"$SRCROOT/include/$CONFIGURATION-$PLATFORM_NAME/quiet-lwip/lwip/ipv4",
				);
				INFOPLIST_FILE = QuietModemKit/Info.plist;
				INSTALL_PATH = "$(LOCAL_LIBRARY_DIR)/Frameworks";
				IPHONEOS_DEPLOYMENT_TARGET = 8.0;
				LD_RUNPATH_SEARCH_PATHS = "$(inherited) @executable_path/Frameworks @loader_path/Frameworks";
				"LIBRARY_SEARCH_PATHS[sdk=iphoneos*]" = "$SRCROOT/lib/Debug-iphoneos";
				"LIBRARY_SEARCH_PATHS[sdk=iphonesimulator*]" = "$SRCROOT/lib/Debug-iphonesimulator";
				OTHER_LDFLAGS = (
					"-lquiet",
					"-ljansson",
					"-lliquid",
					"-lfec",
					"-lquiet_lwip",
				);
				PRODUCT_BUNDLE_IDENTIFIER = Quiet.QuietModemKit;
				PRODUCT_NAME = "$(TARGET_NAME)";
				SKIP_INSTALL = YES;
			};
			name = Debug;
		};
		D34332451E5B961B0057EB54 /* Release */ = {
			isa = XCBuildConfiguration;
			buildSettings = {
				CODE_SIGN_IDENTITY = "";
				DEFINES_MODULE = YES;
				DYLIB_COMPATIBILITY_VERSION = 1;
				DYLIB_CURRENT_VERSION = 1;
				DYLIB_INSTALL_NAME_BASE = "@rpath";
				"HEADER_SEARCH_PATHS[sdk=*]" = (
					"$SRCROOT/include/$CONFIGURATION-$PLATFORM_NAME",
					"$SRCROOT/include/$CONFIGURATION-$PLATFORM_NAME/quiet-lwip/lwip",
					"$SRCROOT/include/$CONFIGURATION-$PLATFORM_NAME/quiet-lwip/lwip/ipv4",
				);
				INFOPLIST_FILE = QuietModemKit/Info.plist;
				INSTALL_PATH = "$(LOCAL_LIBRARY_DIR)/Frameworks";
				IPHONEOS_DEPLOYMENT_TARGET = 8.0;
				LD_RUNPATH_SEARCH_PATHS = "$(inherited) @executable_path/Frameworks @loader_path/Frameworks";
				"LIBRARY_SEARCH_PATHS[sdk=iphoneos*]" = "$SRCROOT/lib/Release-iphoneos";
				"LIBRARY_SEARCH_PATHS[sdk=iphonesimulator*]" = "$SRCROOT/lib/Release-iphonesimulator";
				OTHER_LDFLAGS = (
					"-lquiet",
					"-ljansson",
					"-lliquid",
					"-lfec",
					"-lquiet_lwip",
				);
				PRODUCT_BUNDLE_IDENTIFIER = Quiet.QuietModemKit;
				PRODUCT_NAME = "$(TARGET_NAME)";
				SKIP_INSTALL = YES;
			};
			name = Release;
		};
		D34332471E5B961B0057EB54 /* Debug */ = {
			isa = XCBuildConfiguration;
			buildSettings = {
				INFOPLIST_FILE = QuietModemKitTests/Info.plist;
				LD_RUNPATH_SEARCH_PATHS = "$(inherited) @executable_path/Frameworks @loader_path/Frameworks";
				PRODUCT_BUNDLE_IDENTIFIER = Quiet.QuietModemKitTests;
				PRODUCT_NAME = "$(TARGET_NAME)";
			};
			name = Debug;
		};
		D34332481E5B961B0057EB54 /* Release */ = {
			isa = XCBuildConfiguration;
			buildSettings = {
				INFOPLIST_FILE = QuietModemKitTests/Info.plist;
				LD_RUNPATH_SEARCH_PATHS = "$(inherited) @executable_path/Frameworks @loader_path/Frameworks";
				PRODUCT_BUNDLE_IDENTIFIER = Quiet.QuietModemKitTests;
				PRODUCT_NAME = "$(TARGET_NAME)";
			};
			name = Release;
		};
/* End XCBuildConfiguration section */

/* Begin XCConfigurationList section */
		D34332291E5B961B0057EB54 /* Build configuration list for PBXProject "QuietModemKit" */ = {
			isa = XCConfigurationList;
			buildConfigurations = (
				D34332411E5B961B0057EB54 /* Debug */,
				D34332421E5B961B0057EB54 /* Release */,
			);
			defaultConfigurationIsVisible = 0;
			defaultConfigurationName = Release;
		};
		D34332431E5B961B0057EB54 /* Build configuration list for PBXNativeTarget "QuietModemKit" */ = {
			isa = XCConfigurationList;
			buildConfigurations = (
				D34332441E5B961B0057EB54 /* Debug */,
				D34332451E5B961B0057EB54 /* Release */,
			);
			defaultConfigurationIsVisible = 0;
			defaultConfigurationName = Release;
		};
		D34332461E5B961B0057EB54 /* Build configuration list for PBXNativeTarget "QuietModemKitTests" */ = {
			isa = XCConfigurationList;
			buildConfigurations = (
				D34332471E5B961B0057EB54 /* Debug */,
				D34332481E5B961B0057EB54 /* Release */,
			);
			defaultConfigurationIsVisible = 0;
			defaultConfigurationName = Release;
		};
/* End XCConfigurationList section */
	};
	rootObject = D34332261E5B961B0057EB54 /* Project object */;
}
